{
	"name": "emptyproject",
	"version": "1.0.0",
	"lockfileVersion": 1,
	"requires": true,
	"dependencies": {
		"password-hash": {
			"version": "1.2.2",
			"resolved": "https://registry.npmjs.org/password-hash/-/password-hash-1.2.2.tgz",
			"integrity": "sha1-O0UfAU3ksuHr+g5Uk7lRexBjrx0="
		},
		"total.js": {
			"version": "2.9.2",
			"resolved": "https://registry.npmjs.org/total.js/-/total.js-2.9.2.tgz",
			"integrity": "sha512-PjTQXmi2u9o9cLYrHRJDmOdpWEEOzqAPMGvoSaSR63PGause2Bc+kQTXFkG15xRTBflcBifyWoI5GOALDb3RKA=="
		}
	}
}
